
Microsoft Visual Studio Solution File, Format Version 10.00
# Visual Studio 2008
Project("{FAE04EC0-301F-11D3-BF4B-00C04F79EFBC}") = "BabySmash", "BabySmash.csproj", "{FB378E07-FDE4-4FC7-9210-68F80B561164}"
EndProject
Project("{FAE04EC0-301F-11D3-BF4B-00C04F79EFBC}") = "BabySmashScreenSaver", "..\BabySmashScreensaver\BabySmashScreenSaver\BabySmashScreenSaver.csproj", "{8548BCE3-8FE7-4EF9-8EB7-3D0CC256D53D}"
EndProject
Global
	GlobalSection(SolutionConfigurationPlatforms) = preSolution
		Debug|Any CPU = Debug|Any CPU
		Release|Any CPU = Release|Any CPU
	EndGlobalSection
	GlobalSection(ProjectConfigurationPlatforms) = postSolution
		{FB378E07-FDE4-4FC7-9210-68F80B561164}.Debug|Any CPU.ActiveCfg = Debug|Any CPU
		{FB378E07-FDE4-4FC7-9210-68F80B561164}.Debug|Any CPU.Build.0 = Debug|Any CPU
		{FB378E07-FDE4-4FC7-9210-68F80B561164}.Release|Any CPU.ActiveCfg = Release|Any CPU
		{FB378E07-FDE4-4FC7-9210-68F80B561164}.Release|Any CPU.Build.0 = Release|Any CPU
		{8548BCE3-8FE7-4EF9-8EB7-3D0CC256D53D}.Debug|Any CPU.ActiveCfg = Debug|Any CPU
		{8548BCE3-8FE7-4EF9-8EB7-3D0CC256D53D}.Debug|Any CPU.Build.0 = Debug|Any CPU
		{8548BCE3-8FE7-4EF9-8EB7-3D0CC256D53D}.Release|Any CPU.ActiveCfg = Release|Any CPU
		{8548BCE3-8FE7-4EF9-8EB7-3D0CC256D53D}.Release|Any CPU.Build.0 = Release|Any CPU
	EndGlobalSection
	GlobalSection(SolutionProperties) = preSolution
		HideSolutionNode = FALSE
	EndGlobalSection
EndGlobal
